
Microsoft Visual Studio Solution File, Format Version 12.00
# Visual Studio Version 16
VisualStudioVersion = 16.0.31410.357
MinimumVisualStudioVersion = 10.0.40219.1
Project("{9A19103F-16F7-4668-BE54-9A1E7A4F7556}") = "GameOfLife.App", "GameOfLife.App\GameOfLife.App.csproj", "{9982B666-96DB-4B23-A84E-7B26B6A5DC7E}"
EndProject
Project("{9A19103F-16F7-4668-BE54-9A1E7A4F7556}") = "GameOfLife.Core", "GameOfLife.Core\GameOfLife.Core.csproj", "{625A52B3-DA3F-474E-94F9-C579885B5EB6}"
EndProject
Project("{9A19103F-16F7-4668-BE54-9A1E7A4F7556}") = "GameOfLife.Domain", "GameOfLife.Domain\GameOfLife.Domain.csproj", "{C268170E-ECA8-4D5D-A8D0-4A805EAAD680}"
EndProject
Project("{2150E333-8FDC-42A3-9474-1A3956D46DE8}") = "Tests", "Tests", "{62299210-DF75-448F-AD92-AD3EA0D360BE}"
EndProject
Project("{2150E333-8FDC-42A3-9474-1A3956D46DE8}") = "Solution Items", "Solution Items", "{F5A4F109-E575-450D-9756-B26F62F78E19}"
	ProjectSection(SolutionItems) = preProject
		README.md = README.md
	EndProjectSection
EndProject
Project("{9A19103F-16F7-4668-BE54-9A1E7A4F7556}") = "GameOfLife.Domain.Tests", "GameOfLife.Domain.Tests\GameOfLife.Domain.Tests.csproj", "{40B62624-FF10-401C-B606-E951058E04AE}"
EndProject
Project("{9A19103F-16F7-4668-BE54-9A1E7A4F7556}") = "GameOfLife.Core.Tests", "GameOfLife.Core.Tests\GameOfLife.Core.Tests.csproj", "{AB37D0A2-749A-45A5-8859-D7C1AEFBB088}"
EndProject
Project("{9A19103F-16F7-4668-BE54-9A1E7A4F7556}") = "GameOfLife.App.Tests", "GameOfLife.App.Tests\GameOfLife.App.Tests.csproj", "{5C4DADB3-E7FB-4862-BA2C-D8CCF0BCDA96}"
EndProject
Project("{FAE04EC0-301F-11D3-BF4B-00C04F79EFBC}") = "GameOfLife.App.UWP", "GameOfLife.App.UWP\GameOfLife.App.UWP.csproj", "{06B7A9DE-0291-4257-9B56-73C84CF69B2D}"
EndProject
Global
	GlobalSection(SolutionConfigurationPlatforms) = preSolution
		Debug|Any CPU = Debug|Any CPU
		Debug|ARM = Debug|ARM
		Debug|ARM64 = Debug|ARM64
		Debug|x64 = Debug|x64
		Debug|x86 = Debug|x86
		Release|Any CPU = Release|Any CPU
		Release|ARM = Release|ARM
		Release|ARM64 = Release|ARM64
		Release|x64 = Release|x64
		Release|x86 = Release|x86
	EndGlobalSection
	GlobalSection(ProjectConfigurationPlatforms) = postSolution
		{9982B666-96DB-4B23-A84E-7B26B6A5DC7E}.Debug|Any CPU.ActiveCfg = Debug|Any CPU
		{9982B666-96DB-4B23-A84E-7B26B6A5DC7E}.Debug|Any CPU.Build.0 = Debug|Any CPU
		{9982B666-96DB-4B23-A84E-7B26B6A5DC7E}.Debug|ARM.ActiveCfg = Debug|Any CPU
		{9982B666-96DB-4B23-A84E-7B26B6A5DC7E}.Debug|ARM.Build.0 = Debug|Any CPU
		{9982B666-96DB-4B23-A84E-7B26B6A5DC7E}.Debug|ARM64.ActiveCfg = Debug|Any CPU
		{9982B666-96DB-4B23-A84E-7B26B6A5DC7E}.Debug|ARM64.Build.0 = Debug|Any CPU
		{9982B666-96DB-4B23-A84E-7B26B6A5DC7E}.Debug|x64.ActiveCfg = Debug|Any CPU
		{9982B666-96DB-4B23-A84E-7B26B6A5DC7E}.Debug|x64.Build.0 = Debug|Any CPU
		{9982B666-96DB-4B23-A84E-7B26B6A5DC7E}.Debug|x86.ActiveCfg = Debug|Any CPU
		{9982B666-96DB-4B23-A84E-7B26B6A5DC7E}.Debug|x86.Build.0 = Debug|Any CPU
		{9982B666-96DB-4B23-A84E-7B26B6A5DC7E}.Release|Any CPU.ActiveCfg = Release|Any CPU
		{9982B666-96DB-4B23-A84E-7B26B6A5DC7E}.Release|Any CPU.Build.0 = Release|Any CPU
		{9982B666-96DB-4B23-A84E-7B26B6A5DC7E}.Release|ARM.ActiveCfg = Release|Any CPU
		{9982B666-96DB-4B23-A84E-7B26B6A5DC7E}.Release|ARM.Build.0 = Release|Any CPU
		{9982B666-96DB-4B23-A84E-7B26B6A5DC7E}.Release|ARM64.ActiveCfg = Release|Any CPU
		{9982B666-96DB-4B23-A84E-7B26B6A5DC7E}.Release|ARM64.Build.0 = Release|Any CPU
		{9982B666-96DB-4B23-A84E-7B26B6A5DC7E}.Release|x64.ActiveCfg = Release|Any CPU
		{9982B666-96DB-4B23-A84E-7B26B6A5DC7E}.Release|x64.Build.0 = Release|Any CPU
		{9982B666-96DB-4B23-A84E-7B26B6A5DC7E}.Release|x86.ActiveCfg = Release|Any CPU
		{9982B666-96DB-4B23-A84E-7B26B6A5DC7E}.Release|x86.Build.0 = Release|Any CPU
		{625A52B3-DA3F-474E-94F9-C579885B5EB6}.Debug|Any CPU.ActiveCfg = Debug|Any CPU
		{625A52B3-DA3F-474E-94F9-C579885B5EB6}.Debug|Any CPU.Build.0 = Debug|Any CPU
		{625A52B3-DA3F-474E-94F9-C579885B5EB6}.Debug|ARM.ActiveCfg = Debug|Any CPU
		{625A52B3-DA3F-474E-94F9-C579885B5EB6}.Debug|ARM.Build.0 = Debug|Any CPU
		{625A52B3-DA3F-474E-94F9-C579885B5EB6}.Debug|ARM64.ActiveCfg = Debug|Any CPU
		{625A52B3-DA3F-474E-94F9-C579885B5EB6}.Debug|ARM64.Build.0 = Debug|Any CPU
		{625A52B3-DA3F-474E-94F9-C579885B5EB6}.Debug|x64.ActiveCfg = Debug|Any CPU
		{625A52B3-DA3F-474E-94F9-C579885B5EB6}.Debug|x64.Build.0 = Debug|Any CPU
		{625A52B3-DA3F-474E-94F9-C579885B5EB6}.Debug|x86.ActiveCfg = Debug|Any CPU
		{625A52B3-DA3F-474E-94F9-C579885B5EB6}.Debug|x86.Build.0 = Debug|Any CPU
		{625A52B3-DA3F-474E-94F9-C579885B5EB6}.Release|Any CPU.ActiveCfg = Release|Any CPU
		{625A52B3-DA3F-474E-94F9-C579885B5EB6}.Release|Any CPU.Build.0 = Release|Any CPU
		{625A52B3-DA3F-474E-94F9-C579885B5EB6}.Release|ARM.ActiveCfg = Release|Any CPU
		{625A52B3-DA3F-474E-94F9-C579885B5EB6}.Release|ARM.Build.0 = Release|Any CPU
		{625A52B3-DA3F-474E-94F9-C579885B5EB6}.Release|ARM64.ActiveCfg = Release|Any CPU
		{625A52B3-DA3F-474E-94F9-C579885B5EB6}.Release|ARM64.Build.0 = Release|Any CPU
		{625A52B3-DA3F-474E-94F9-C579885B5EB6}.Release|x64.ActiveCfg = Release|Any CPU
		{625A52B3-DA3F-474E-94F9-C579885B5EB6}.Release|x64.Build.0 = Release|Any CPU
		{625A52B3-DA3F-474E-94F9-C579885B5EB6}.Release|x86.ActiveCfg = Release|Any CPU
		{625A52B3-DA3F-474E-94F9-C579885B5EB6}.Release|x86.Build.0 = Release|Any CPU
		{C268170E-ECA8-4D5D-A8D0-4A805EAAD680}.Debug|Any CPU.ActiveCfg = Debug|Any CPU
		{C268170E-ECA8-4D5D-A8D0-4A805EAAD680}.Debug|Any CPU.Build.0 = Debug|Any CPU
		{C268170E-ECA8-4D5D-A8D0-4A805EAAD680}.Debug|ARM.ActiveCfg = Debug|Any CPU
		{C268170E-ECA8-4D5D-A8D0-4A805EAAD680}.Debug|ARM.Build.0 = Debug|Any CPU
		{C268170E-ECA8-4D5D-A8D0-4A805EAAD680}.Debug|ARM64.ActiveCfg = Debug|Any CPU
		{C268170E-ECA8-4D5D-A8D0-4A805EAAD680}.Debug|ARM64.Build.0 = Debug|Any CPU
		{C268170E-ECA8-4D5D-A8D0-4A805EAAD680}.Debug|x64.ActiveCfg = Debug|Any CPU
		{C268170E-ECA8-4D5D-A8D0-4A805EAAD680}.Debug|x64.Build.0 = Debug|Any CPU
		{C268170E-ECA8-4D5D-A8D0-4A805EAAD680}.Debug|x86.ActiveCfg = Debug|Any CPU
		{C268170E-ECA8-4D5D-A8D0-4A805EAAD680}.Debug|x86.Build.0 = Debug|Any CPU
		{C268170E-ECA8-4D5D-A8D0-4A805EAAD680}.Release|Any CPU.ActiveCfg = Release|Any CPU
		{C268170E-ECA8-4D5D-A8D0-4A805EAAD680}.Release|Any CPU.Build.0 = Release|Any CPU
		{C268170E-ECA8-4D5D-A8D0-4A805EAAD680}.Release|ARM.ActiveCfg = Release|Any CPU
		{C268170E-ECA8-4D5D-A8D0-4A805EAAD680}.Release|ARM.Build.0 = Release|Any CPU
		{C268170E-ECA8-4D5D-A8D0-4A805EAAD680}.Release|ARM64.ActiveCfg = Release|Any CPU
		{C268170E-ECA8-4D5D-A8D0-4A805EAAD680}.Release|ARM64.Build.0 = Release|Any CPU
		{C268170E-ECA8-4D5D-A8D0-4A805EAAD680}.Release|x64.ActiveCfg = Release|Any CPU
		{C268170E-ECA8-4D5D-A8D0-4A805EAAD680}.Release|x64.Build.0 = Release|Any CPU
		{C268170E-ECA8-4D5D-A8D0-4A805EAAD680}.Release|x86.ActiveCfg = Release|Any CPU
		{C268170E-ECA8-4D5D-A8D0-4A805EAAD680}.Release|x86.Build.0 = Release|Any CPU
		{40B62624-FF10-401C-B606-E951058E04AE}.Debug|Any CPU.ActiveCfg = Debug|Any CPU
		{40B62624-FF10-401C-B606-E951058E04AE}.Debug|Any CPU.Build.0 = Debug|Any CPU
		{40B62624-FF10-401C-B606-E951058E04AE}.Debug|ARM.ActiveCfg = Debug|Any CPU
		{40B62624-FF10-401C-B606-E951058E04AE}.Debug|ARM.Build.0 = Debug|Any CPU
		{40B62624-FF10-401C-B606-E951058E04AE}.Debug|ARM64.ActiveCfg = Debug|Any CPU
		{40B62624-FF10-401C-B606-E951058E04AE}.Debug|ARM64.Build.0 = Debug|Any CPU
		{40B62624-FF10-401C-B606-E951058E04AE}.Debug|x64.ActiveCfg = Debug|Any CPU
		{40B62624-FF10-401C-B606-E951058E04AE}.Debug|x64.Build.0 = Debug|Any CPU
		{40B62624-FF10-401C-B606-E951058E04AE}.Debug|x86.ActiveCfg = Debug|Any CPU
		{40B62624-FF10-401C-B606-E951058E04AE}.Debug|x86.Build.0 = Debug|Any CPU
		{40B62624-FF10-401C-B606-E951058E04AE}.Release|Any CPU.ActiveCfg = Release|Any CPU
		{40B62624-FF10-401C-B606-E951058E04AE}.Release|Any CPU.Build.0 = Release|Any CPU
		{40B62624-FF10-401C-B606-E951058E04AE}.Release|ARM.ActiveCfg = Release|Any CPU
		{40B62624-FF10-401C-B606-E951058E04AE}.Release|ARM.Build.0 = Release|Any CPU
		{40B62624-FF10-401C-B606-E951058E04AE}.Release|ARM64.ActiveCfg = Release|Any CPU
		{40B62624-FF10-401C-B606-E951058E04AE}.Release|ARM64.Build.0 = Release|Any CPU
		{40B62624-FF10-401C-B606-E951058E04AE}.Release|x64.ActiveCfg = Release|Any CPU
		{40B62624-FF10-401C-B606-E951058E04AE}.Release|x64.Build.0 = Release|Any CPU
		{40B62624-FF10-401C-B606-E951058E04AE}.Release|x86.ActiveCfg = Release|Any CPU
		{40B62624-FF10-401C-B606-E951058E04AE}.Release|x86.Build.0 = Release|Any CPU
		{AB37D0A2-749A-45A5-8859-D7C1AEFBB088}.Debug|Any CPU.ActiveCfg = Debug|Any CPU
		{AB37D0A2-749A-45A5-8859-D7C1AEFBB088}.Debug|Any CPU.Build.0 = Debug|Any CPU
		{AB37D0A2-749A-45A5-8859-D7C1AEFBB088}.Debug|ARM.ActiveCfg = Debug|Any CPU
		{AB37D0A2-749A-45A5-8859-D7C1AEFBB088}.Debug|ARM.Build.0 = Debug|Any CPU
		{AB37D0A2-749A-45A5-8859-D7C1AEFBB088}.Debug|ARM64.ActiveCfg = Debug|Any CPU
		{AB37D0A2-749A-45A5-8859-D7C1AEFBB088}.Debug|ARM64.Build.0 = Debug|Any CPU
		{AB37D0A2-749A-45A5-8859-D7C1AEFBB088}.Debug|x64.ActiveCfg = Debug|Any CPU
		{AB37D0A2-749A-45A5-8859-D7C1AEFBB088}.Debug|x64.Build.0 = Debug|Any CPU
		{AB37D0A2-749A-45A5-8859-D7C1AEFBB088}.Debug|x86.ActiveCfg = Debug|Any CPU
		{AB37D0A2-749A-45A5-8859-D7C1AEFBB088}.Debug|x86.Build.0 = Debug|Any CPU
		{AB37D0A2-749A-45A5-8859-D7C1AEFBB088}.Release|Any CPU.ActiveCfg = Release|Any CPU
		{AB37D0A2-749A-45A5-8859-D7C1AEFBB088}.Release|Any CPU.Build.0 = Release|Any CPU
		{AB37D0A2-749A-45A5-8859-D7C1AEFBB088}.Release|ARM.ActiveCfg = Release|Any CPU
		{AB37D0A2-749A-45A5-8859-D7C1AEFBB088}.Release|ARM.Build.0 = Release|Any CPU
		{AB37D0A2-749A-45A5-8859-D7C1AEFBB088}.Release|ARM64.ActiveCfg = Release|Any CPU
		{AB37D0A2-749A-45A5-8859-D7C1AEFBB088}.Release|ARM64.Build.0 = Release|Any CPU
		{AB37D0A2-749A-45A5-8859-D7C1AEFBB088}.Release|x64.ActiveCfg = Release|Any CPU
		{AB37D0A2-749A-45A5-8859-D7C1AEFBB088}.Release|x64.Build.0 = Release|Any CPU
		{AB37D0A2-749A-45A5-8859-D7C1AEFBB088}.Release|x86.ActiveCfg = Release|Any CPU
		{AB37D0A2-749A-45A5-8859-D7C1AEFBB088}.Release|x86.Build.0 = Release|Any CPU
		{5C4DADB3-E7FB-4862-BA2C-D8CCF0BCDA96}.Debug|Any CPU.ActiveCfg = Debug|Any CPU
		{5C4DADB3-E7FB-4862-BA2C-D8CCF0BCDA96}.Debug|Any CPU.Build.0 = Debug|Any CPU
		{5C4DADB3-E7FB-4862-BA2C-D8CCF0BCDA96}.Debug|ARM.ActiveCfg = Debug|Any CPU
		{5C4DADB3-E7FB-4862-BA2C-D8CCF0BCDA96}.Debug|ARM.Build.0 = Debug|Any CPU
		{5C4DADB3-E7FB-4862-BA2C-D8CCF0BCDA96}.Debug|ARM64.ActiveCfg = Debug|Any CPU
		{5C4DADB3-E7FB-4862-BA2C-D8CCF0BCDA96}.Debug|ARM64.Build.0 = Debug|Any CPU
		{5C4DADB3-E7FB-4862-BA2C-D8CCF0BCDA96}.Debug|x64.ActiveCfg = Debug|Any CPU
		{5C4DADB3-E7FB-4862-BA2C-D8CCF0BCDA96}.Debug|x64.Build.0 = Debug|Any CPU
		{5C4DADB3-E7FB-4862-BA2C-D8CCF0BCDA96}.Debug|x86.ActiveCfg = Debug|Any CPU
		{5C4DADB3-E7FB-4862-BA2C-D8CCF0BCDA96}.Debug|x86.Build.0 = Debug|Any CPU
		{5C4DADB3-E7FB-4862-BA2C-D8CCF0BCDA96}.Release|Any CPU.ActiveCfg = Release|Any CPU
		{5C4DADB3-E7FB-4862-BA2C-D8CCF0BCDA96}.Release|Any CPU.Build.0 = Release|Any CPU
		{5C4DADB3-E7FB-4862-BA2C-D8CCF0BCDA96}.Release|ARM.ActiveCfg = Release|Any CPU
		{5C4DADB3-E7FB-4862-BA2C-D8CCF0BCDA96}.Release|ARM.Build.0 = Release|Any CPU
		{5C4DADB3-E7FB-4862-BA2C-D8CCF0BCDA96}.Release|ARM64.ActiveCfg = Release|Any CPU
		{5C4DADB3-E7FB-4862-BA2C-D8CCF0BCDA96}.Release|ARM64.Build.0 = Release|Any CPU
		{5C4DADB3-E7FB-4862-BA2C-D8CCF0BCDA96}.Release|x64.ActiveCfg = Release|Any CPU
		{5C4DADB3-E7FB-4862-BA2C-D8CCF0BCDA96}.Release|x64.Build.0 = Release|Any CPU
		{5C4DADB3-E7FB-4862-BA2C-D8CCF0BCDA96}.Release|x86.ActiveCfg = Release|Any CPU
		{5C4DADB3-E7FB-4862-BA2C-D8CCF0BCDA96}.Release|x86.Build.0 = Release|Any CPU
		{06B7A9DE-0291-4257-9B56-73C84CF69B2D}.Debug|Any CPU.ActiveCfg = Debug|x86
		{06B7A9DE-0291-4257-9B56-73C84CF69B2D}.Debug|ARM.ActiveCfg = Debug|ARM
		{06B7A9DE-0291-4257-9B56-73C84CF69B2D}.Debug|ARM.Build.0 = Debug|ARM
		{06B7A9DE-0291-4257-9B56-73C84CF69B2D}.Debug|ARM.Deploy.0 = Debug|ARM
		{06B7A9DE-0291-4257-9B56-73C84CF69B2D}.Debug|ARM64.ActiveCfg = Debug|ARM64
		{06B7A9DE-0291-4257-9B56-73C84CF69B2D}.Debug|ARM64.Build.0 = Debug|ARM64
		{06B7A9DE-0291-4257-9B56-73C84CF69B2D}.Debug|ARM64.Deploy.0 = Debug|ARM64
		{06B7A9DE-0291-4257-9B56-73C84CF69B2D}.Debug|x64.ActiveCfg = Debug|x64
		{06B7A9DE-0291-4257-9B56-73C84CF69B2D}.Debug|x64.Build.0 = Debug|x64
		{06B7A9DE-0291-4257-9B56-73C84CF69B2D}.Debug|x64.Deploy.0 = Debug|x64
		{06B7A9DE-0291-4257-9B56-73C84CF69B2D}.Debug|x86.ActiveCfg = Debug|x86
		{06B7A9DE-0291-4257-9B56-73C84CF69B2D}.Debug|x86.Build.0 = Debug|x86
		{06B7A9DE-0291-4257-9B56-73C84CF69B2D}.Debug|x86.Deploy.0 = Debug|x86
		{06B7A9DE-0291-4257-9B56-73C84CF69B2D}.Release|Any CPU.ActiveCfg = Release|x86
		{06B7A9DE-0291-4257-9B56-73C84CF69B2D}.Release|ARM.ActiveCfg = Release|ARM
		{06B7A9DE-0291-4257-9B56-73C84CF69B2D}.Release|ARM.Build.0 = Release|ARM
		{06B7A9DE-0291-4257-9B56-73C84CF69B2D}.Release|ARM.Deploy.0 = Release|ARM
		{06B7A9DE-0291-4257-9B56-73C84CF69B2D}.Release|ARM64.ActiveCfg = Release|ARM64
		{06B7A9DE-0291-4257-9B56-73C84CF69B2D}.Release|ARM64.Build.0 = Release|ARM64
		{06B7A9DE-0291-4257-9B56-73C84CF69B2D}.Release|ARM64.Deploy.0 = Release|ARM64
		{06B7A9DE-0291-4257-9B56-73C84CF69B2D}.Release|x64.ActiveCfg = Release|x64
		{06B7A9DE-0291-4257-9B56-73C84CF69B2D}.Release|x64.Build.0 = Release|x64
		{06B7A9DE-0291-4257-9B56-73C84CF69B2D}.Release|x64.Deploy.0 = Release|x64
		{06B7A9DE-0291-4257-9B56-73C84CF69B2D}.Release|x86.ActiveCfg = Release|x86
		{06B7A9DE-0291-4257-9B56-73C84CF69B2D}.Release|x86.Build.0 = Release|x86
		{06B7A9DE-0291-4257-9B56-73C84CF69B2D}.Release|x86.Deploy.0 = Release|x86
	EndGlobalSection
	GlobalSection(SolutionProperties) = preSolution
		HideSolutionNode = FALSE
	EndGlobalSection
	GlobalSection(NestedProjects) = preSolution
		{40B62624-FF10-401C-B606-E951058E04AE} = {62299210-DF75-448F-AD92-AD3EA0D360BE}
		{AB37D0A2-749A-45A5-8859-D7C1AEFBB088} = {62299210-DF75-448F-AD92-AD3EA0D360BE}
		{5C4DADB3-E7FB-4862-BA2C-D8CCF0BCDA96} = {62299210-DF75-448F-AD92-AD3EA0D360BE}
	EndGlobalSection
	GlobalSection(ExtensibilityGlobals) = postSolution
		SolutionGuid = {3E1BA824-EB3B-49E8-8767-B997B3E10E5A}
	EndGlobalSection
EndGlobal
