
Microsoft Visual Studio Solution File, Format Version 12.00
# Visual Studio Version 16
VisualStudioVersion = 16.0.31410.357
MinimumVisualStudioVersion = 10.0.40219.1
Project("{9A19103F-16F7-4668-BE54-9A1E7A4F7556}") = "GameOfLife.App", "GameOfLife.App\GameOfLife.App.csproj", "{9982B666-96DB-4B23-A84E-7B26B6A5DC7E}"
EndProject
Project("{9A19103F-16F7-4668-BE54-9A1E7A4F7556}") = "GameOfLife.Core", "GameOfLife.Core\GameOfLife.Core.csproj", "{625A52B3-DA3F-474E-94F9-C579885B5EB6}"
EndProject
Project("{9A19103F-16F7-4668-BE54-9A1E7A4F7556}") = "GameOfLife.Domain", "GameOfLife.Domain\GameOfLife.Domain.csproj", "{C268170E-ECA8-4D5D-A8D0-4A805EAAD680}"
EndProject
Project("{2150E333-8FDC-42A3-9474-1A3956D46DE8}") = "Tests", "Tests", "{62299210-DF75-448F-AD92-AD3EA0D360BE}"
EndProject
Project("{2150E333-8FDC-42A3-9474-1A3956D46DE8}") = "Solution Items", "Solution Items", "{F5A4F109-E575-450D-9756-B26F62F78E19}"
	ProjectSection(SolutionItems) = preProject
		README.md = README.md
	EndProjectSection
EndProject
Project("{9A19103F-16F7-4668-BE54-9A1E7A4F7556}") = "GameOfLife.Domain.Tests", "GameOfLife.Domain.Tests\GameOfLife.Domain.Tests.csproj", "{40B62624-FF10-401C-B606-E951058E04AE}"
EndProject
Project("{FAE04EC0-301F-11D3-BF4B-00C04F79EFBC}") = "GameOfLife.Core.Tests", "GameOfLife.Core.Tests\GameOfLife.Core.Tests.csproj", "{AB37D0A2-749A-45A5-8859-D7C1AEFBB088}"
EndProject
Global
	GlobalSection(SolutionConfigurationPlatforms) = preSolution
		Debug|Any CPU = Debug|Any CPU
		Release|Any CPU = Release|Any CPU
	EndGlobalSection
	GlobalSection(ProjectConfigurationPlatforms) = postSolution
		{9982B666-96DB-4B23-A84E-7B26B6A5DC7E}.Debug|Any CPU.ActiveCfg = Debug|Any CPU
		{9982B666-96DB-4B23-A84E-7B26B6A5DC7E}.Debug|Any CPU.Build.0 = Debug|Any CPU
		{9982B666-96DB-4B23-A84E-7B26B6A5DC7E}.Release|Any CPU.ActiveCfg = Release|Any CPU
		{9982B666-96DB-4B23-A84E-7B26B6A5DC7E}.Release|Any CPU.Build.0 = Release|Any CPU
		{625A52B3-DA3F-474E-94F9-C579885B5EB6}.Debug|Any CPU.ActiveCfg = Debug|Any CPU
		{625A52B3-DA3F-474E-94F9-C579885B5EB6}.Debug|Any CPU.Build.0 = Debug|Any CPU
		{625A52B3-DA3F-474E-94F9-C579885B5EB6}.Release|Any CPU.ActiveCfg = Release|Any CPU
		{625A52B3-DA3F-474E-94F9-C579885B5EB6}.Release|Any CPU.Build.0 = Release|Any CPU
		{C268170E-ECA8-4D5D-A8D0-4A805EAAD680}.Debug|Any CPU.ActiveCfg = Debug|Any CPU
		{C268170E-ECA8-4D5D-A8D0-4A805EAAD680}.Debug|Any CPU.Build.0 = Debug|Any CPU
		{C268170E-ECA8-4D5D-A8D0-4A805EAAD680}.Release|Any CPU.ActiveCfg = Release|Any CPU
		{C268170E-ECA8-4D5D-A8D0-4A805EAAD680}.Release|Any CPU.Build.0 = Release|Any CPU
		{40B62624-FF10-401C-B606-E951058E04AE}.Debug|Any CPU.ActiveCfg = Debug|Any CPU
		{40B62624-FF10-401C-B606-E951058E04AE}.Debug|Any CPU.Build.0 = Debug|Any CPU
		{40B62624-FF10-401C-B606-E951058E04AE}.Release|Any CPU.ActiveCfg = Release|Any CPU
		{40B62624-FF10-401C-B606-E951058E04AE}.Release|Any CPU.Build.0 = Release|Any CPU
		{AB37D0A2-749A-45A5-8859-D7C1AEFBB088}.Debug|Any CPU.ActiveCfg = Debug|Any CPU
		{AB37D0A2-749A-45A5-8859-D7C1AEFBB088}.Debug|Any CPU.Build.0 = Debug|Any CPU
		{AB37D0A2-749A-45A5-8859-D7C1AEFBB088}.Release|Any CPU.ActiveCfg = Release|Any CPU
		{AB37D0A2-749A-45A5-8859-D7C1AEFBB088}.Release|Any CPU.Build.0 = Release|Any CPU
	EndGlobalSection
	GlobalSection(SolutionProperties) = preSolution
		HideSolutionNode = FALSE
	EndGlobalSection
	GlobalSection(NestedProjects) = preSolution
		{40B62624-FF10-401C-B606-E951058E04AE} = {62299210-DF75-448F-AD92-AD3EA0D360BE}
		{AB37D0A2-749A-45A5-8859-D7C1AEFBB088} = {62299210-DF75-448F-AD92-AD3EA0D360BE}
	EndGlobalSection
	GlobalSection(ExtensibilityGlobals) = postSolution
		SolutionGuid = {3E1BA824-EB3B-49E8-8767-B997B3E10E5A}
	EndGlobalSection
EndGlobal
